
Microsoft Visual Studio Solution File, Format Version 12.00
# Visual Studio Version 16
VisualStudioVersion = 16.0.31105.61
MinimumVisualStudioVersion = 10.0.40219.1
Project("{FAE04EC0-301F-11D3-BF4B-00C04F79EFBC}") = "k173613_Q2", "k173613_Q2\k173613_Q2.csproj", "{77A735C2-53C8-4CC5-9B72-552DC6A840E3}"
EndProject
Global
	GlobalSection(SolutionConfigurationPlatforms) = preSolution
		Debug|Any CPU = Debug|Any CPU
		Release|Any CPU = Release|Any CPU
	EndGlobalSection
	GlobalSection(ProjectConfigurationPlatforms) = postSolution
		{77A735C2-53C8-4CC5-9B72-552DC6A840E3}.Debug|Any CPU.ActiveCfg = Debug|Any CPU
		{77A735C2-53C8-4CC5-9B72-552DC6A840E3}.Debug|Any CPU.Build.0 = Debug|Any CPU
		{77A735C2-53C8-4CC5-9B72-552DC6A840E3}.Release|Any CPU.ActiveCfg = Release|Any CPU
		{77A735C2-53C8-4CC5-9B72-552DC6A840E3}.Release|Any CPU.Build.0 = Release|Any CPU
	EndGlobalSection
	GlobalSection(SolutionProperties) = preSolution
		HideSolutionNode = FALSE
	EndGlobalSection
	GlobalSection(ExtensibilityGlobals) = postSolution
		SolutionGuid = {A20378A2-5D8A-4B07-B731-DCE4805C394D}
	EndGlobalSection
EndGlobal
